
Microsoft Visual Studio Solution File, Format Version 12.00
# Visual Studio 15
VisualStudioVersion = 15.0.28307.421
MinimumVisualStudioVersion = 10.0.40219.1
Project("{9A19103F-16F7-4668-BE54-9A1E7A4F7556}") = "Skeleton", "..\..\..\Desktop\Unit_Testing_Skeleton\Lab\Skeleton\Skeleton.csproj", "{EAE87091-0CEA-4B3C-BF40-A31B7B96F786}"
EndProject
Project("{FAE04EC0-301F-11D3-BF4B-00C04F79EFBC}") = "Skeleton.Tests", "Skeleto.Tests\Skeleton.Tests.csproj", "{88269A6F-CD04-43EC-B15C-B6B5BF3C9DAA}"
EndProject
Global
	GlobalSection(SolutionConfigurationPlatforms) = preSolution
		Debug|Any CPU = Debug|Any CPU
		Release|Any CPU = Release|Any CPU
	EndGlobalSection
	GlobalSection(ProjectConfigurationPlatforms) = postSolution
		{EAE87091-0CEA-4B3C-BF40-A31B7B96F786}.Debug|Any CPU.ActiveCfg = Debug|Any CPU
		{EAE87091-0CEA-4B3C-BF40-A31B7B96F786}.Debug|Any CPU.Build.0 = Debug|Any CPU
		{EAE87091-0CEA-4B3C-BF40-A31B7B96F786}.Release|Any CPU.ActiveCfg = Release|Any CPU
		{EAE87091-0CEA-4B3C-BF40-A31B7B96F786}.Release|Any CPU.Build.0 = Release|Any CPU
		{88269A6F-CD04-43EC-B15C-B6B5BF3C9DAA}.Debug|Any CPU.ActiveCfg = Debug|Any CPU
		{88269A6F-CD04-43EC-B15C-B6B5BF3C9DAA}.Debug|Any CPU.Build.0 = Debug|Any CPU
		{88269A6F-CD04-43EC-B15C-B6B5BF3C9DAA}.Release|Any CPU.ActiveCfg = Release|Any CPU
		{88269A6F-CD04-43EC-B15C-B6B5BF3C9DAA}.Release|Any CPU.Build.0 = Release|Any CPU
	EndGlobalSection
	GlobalSection(SolutionProperties) = preSolution
		HideSolutionNode = FALSE
	EndGlobalSection
	GlobalSection(ExtensibilityGlobals) = postSolution
		SolutionGuid = {9B6D85C3-81C4-4AE2-8784-172F4ECABE7B}
	EndGlobalSection
EndGlobal
